
Microsoft Visual Studio Solution File, Format Version 12.00
# Visual Studio Version 17
VisualStudioVersion = 17.11.35208.52
MinimumVisualStudioVersion = 10.0.40219.1
Project("{2150E333-8FDC-42A3-9474-1A3956D46DE8}") = "01", "01", "{AEF047DE-1D5F-4AF4-A98D-7E9691F526ED}"
EndProject
Project("{2150E333-8FDC-42A3-9474-1A3956D46DE8}") = "02", "02", "{7E66DBFB-2BF7-47A5-9156-01A3BBDA387C}"
EndProject
Project("{2150E333-8FDC-42A3-9474-1A3956D46DE8}") = "03", "03", "{6C599EBA-6D77-4E24-BD5A-4A6645798B93}"
EndProject
Project("{2150E333-8FDC-42A3-9474-1A3956D46DE8}") = "04", "04", "{E81234D1-1302-4F1A-87F8-94B2DE9E75DB}"
EndProject
Project("{9A19103F-16F7-4668-BE54-9A1E7A4F7556}") = "Ejercicio04.Consola", "Ejercicio04.Consola\Ejercicio04.Consola.csproj", "{18FD8009-EA41-4C04-B0C7-8F7B11071415}"
EndProject
Project("{9A19103F-16F7-4668-BE54-9A1E7A4F7556}") = "Ejercicio02.Consola", "Ejercicio02.Consola\Ejercicio02.Consola.csproj", "{C656F83D-D303-401F-AE85-94700DC7E407}"
EndProject
Project("{9A19103F-16F7-4668-BE54-9A1E7A4F7556}") = "Ejercicio02.Entidades", "Ejercicio02.Entidades\Ejercicio02.Entidades.csproj", "{35794F9B-6F0D-43F4-89F2-39AA24FE9588}"
EndProject
Project("{FAE04EC0-301F-11D3-BF4B-00C04F79EFBC}") = "Entidades.01", "Entidades.01\Entidades.01.csproj", "{A77EEE6F-0AD3-4AE3-A8FB-C66ADE9A1902}"
EndProject
Project("{FAE04EC0-301F-11D3-BF4B-00C04F79EFBC}") = "Consola.01", "Consola.01\Consola.01.csproj", "{65C0AB05-0965-49E9-A499-1E0D51BF0FCB}"
EndProject
Project("{FAE04EC0-301F-11D3-BF4B-00C04F79EFBC}") = "Entidades.03", "Entidades.03\Entidades.03.csproj", "{8F672E8D-5ECD-44D7-A3D9-07FF6FE22ECB}"
EndProject
Project("{FAE04EC0-301F-11D3-BF4B-00C04F79EFBC}") = "Consola.03", "Consola.03\Consola.03.csproj", "{A3C0AF8D-78FD-4BD4-97B7-A306264B0440}"
EndProject
Project("{FAE04EC0-301F-11D3-BF4B-00C04F79EFBC}") = "Entidades.04", "Entidades.04\Entidades.04.csproj", "{3D802D43-20C7-4677-971A-24E5B2C0697F}"
EndProject
Project("{FAE04EC0-301F-11D3-BF4B-00C04F79EFBC}") = "Datos.04", "Datos.04\Datos.04.csproj", "{0B2B5E1D-92AD-465F-9167-874D7FD09074}"
EndProject
Project("{FAE04EC0-301F-11D3-BF4B-00C04F79EFBC}") = "CilindroTesting", "CilindroTesting\CilindroTesting.csproj", "{7247434C-1FFE-4BB3-83A5-2FDC723C5D15}"
EndProject
Global
	GlobalSection(SolutionConfigurationPlatforms) = preSolution
		Debug|Any CPU = Debug|Any CPU
		Release|Any CPU = Release|Any CPU
	EndGlobalSection
	GlobalSection(ProjectConfigurationPlatforms) = postSolution
		{18FD8009-EA41-4C04-B0C7-8F7B11071415}.Debug|Any CPU.ActiveCfg = Debug|Any CPU
		{18FD8009-EA41-4C04-B0C7-8F7B11071415}.Debug|Any CPU.Build.0 = Debug|Any CPU
		{18FD8009-EA41-4C04-B0C7-8F7B11071415}.Release|Any CPU.ActiveCfg = Release|Any CPU
		{18FD8009-EA41-4C04-B0C7-8F7B11071415}.Release|Any CPU.Build.0 = Release|Any CPU
		{C656F83D-D303-401F-AE85-94700DC7E407}.Debug|Any CPU.ActiveCfg = Debug|Any CPU
		{C656F83D-D303-401F-AE85-94700DC7E407}.Debug|Any CPU.Build.0 = Debug|Any CPU
		{C656F83D-D303-401F-AE85-94700DC7E407}.Release|Any CPU.ActiveCfg = Release|Any CPU
		{C656F83D-D303-401F-AE85-94700DC7E407}.Release|Any CPU.Build.0 = Release|Any CPU
		{35794F9B-6F0D-43F4-89F2-39AA24FE9588}.Debug|Any CPU.ActiveCfg = Debug|Any CPU
		{35794F9B-6F0D-43F4-89F2-39AA24FE9588}.Debug|Any CPU.Build.0 = Debug|Any CPU
		{35794F9B-6F0D-43F4-89F2-39AA24FE9588}.Release|Any CPU.ActiveCfg = Release|Any CPU
		{35794F9B-6F0D-43F4-89F2-39AA24FE9588}.Release|Any CPU.Build.0 = Release|Any CPU
		{A77EEE6F-0AD3-4AE3-A8FB-C66ADE9A1902}.Debug|Any CPU.ActiveCfg = Debug|Any CPU
		{A77EEE6F-0AD3-4AE3-A8FB-C66ADE9A1902}.Debug|Any CPU.Build.0 = Debug|Any CPU
		{A77EEE6F-0AD3-4AE3-A8FB-C66ADE9A1902}.Release|Any CPU.ActiveCfg = Release|Any CPU
		{A77EEE6F-0AD3-4AE3-A8FB-C66ADE9A1902}.Release|Any CPU.Build.0 = Release|Any CPU
		{65C0AB05-0965-49E9-A499-1E0D51BF0FCB}.Debug|Any CPU.ActiveCfg = Debug|Any CPU
		{65C0AB05-0965-49E9-A499-1E0D51BF0FCB}.Debug|Any CPU.Build.0 = Debug|Any CPU
		{65C0AB05-0965-49E9-A499-1E0D51BF0FCB}.Release|Any CPU.ActiveCfg = Release|Any CPU
		{65C0AB05-0965-49E9-A499-1E0D51BF0FCB}.Release|Any CPU.Build.0 = Release|Any CPU
		{8F672E8D-5ECD-44D7-A3D9-07FF6FE22ECB}.Debug|Any CPU.ActiveCfg = Debug|Any CPU
		{8F672E8D-5ECD-44D7-A3D9-07FF6FE22ECB}.Debug|Any CPU.Build.0 = Debug|Any CPU
		{8F672E8D-5ECD-44D7-A3D9-07FF6FE22ECB}.Release|Any CPU.ActiveCfg = Release|Any CPU
		{8F672E8D-5ECD-44D7-A3D9-07FF6FE22ECB}.Release|Any CPU.Build.0 = Release|Any CPU
		{A3C0AF8D-78FD-4BD4-97B7-A306264B0440}.Debug|Any CPU.ActiveCfg = Debug|Any CPU
		{A3C0AF8D-78FD-4BD4-97B7-A306264B0440}.Debug|Any CPU.Build.0 = Debug|Any CPU
		{A3C0AF8D-78FD-4BD4-97B7-A306264B0440}.Release|Any CPU.ActiveCfg = Release|Any CPU
		{A3C0AF8D-78FD-4BD4-97B7-A306264B0440}.Release|Any CPU.Build.0 = Release|Any CPU
		{3D802D43-20C7-4677-971A-24E5B2C0697F}.Debug|Any CPU.ActiveCfg = Debug|Any CPU
		{3D802D43-20C7-4677-971A-24E5B2C0697F}.Debug|Any CPU.Build.0 = Debug|Any CPU
		{3D802D43-20C7-4677-971A-24E5B2C0697F}.Release|Any CPU.ActiveCfg = Release|Any CPU
		{3D802D43-20C7-4677-971A-24E5B2C0697F}.Release|Any CPU.Build.0 = Release|Any CPU
		{0B2B5E1D-92AD-465F-9167-874D7FD09074}.Debug|Any CPU.ActiveCfg = Debug|Any CPU
		{0B2B5E1D-92AD-465F-9167-874D7FD09074}.Debug|Any CPU.Build.0 = Debug|Any CPU
		{0B2B5E1D-92AD-465F-9167-874D7FD09074}.Release|Any CPU.ActiveCfg = Release|Any CPU
		{0B2B5E1D-92AD-465F-9167-874D7FD09074}.Release|Any CPU.Build.0 = Release|Any CPU
		{7247434C-1FFE-4BB3-83A5-2FDC723C5D15}.Debug|Any CPU.ActiveCfg = Debug|Any CPU
		{7247434C-1FFE-4BB3-83A5-2FDC723C5D15}.Debug|Any CPU.Build.0 = Debug|Any CPU
		{7247434C-1FFE-4BB3-83A5-2FDC723C5D15}.Release|Any CPU.ActiveCfg = Release|Any CPU
		{7247434C-1FFE-4BB3-83A5-2FDC723C5D15}.Release|Any CPU.Build.0 = Release|Any CPU
	EndGlobalSection
	GlobalSection(SolutionProperties) = preSolution
		HideSolutionNode = FALSE
	EndGlobalSection
	GlobalSection(NestedProjects) = preSolution
		{18FD8009-EA41-4C04-B0C7-8F7B11071415} = {E81234D1-1302-4F1A-87F8-94B2DE9E75DB}
		{C656F83D-D303-401F-AE85-94700DC7E407} = {7E66DBFB-2BF7-47A5-9156-01A3BBDA387C}
		{35794F9B-6F0D-43F4-89F2-39AA24FE9588} = {7E66DBFB-2BF7-47A5-9156-01A3BBDA387C}
		{A77EEE6F-0AD3-4AE3-A8FB-C66ADE9A1902} = {AEF047DE-1D5F-4AF4-A98D-7E9691F526ED}
		{65C0AB05-0965-49E9-A499-1E0D51BF0FCB} = {AEF047DE-1D5F-4AF4-A98D-7E9691F526ED}
		{8F672E8D-5ECD-44D7-A3D9-07FF6FE22ECB} = {6C599EBA-6D77-4E24-BD5A-4A6645798B93}
		{A3C0AF8D-78FD-4BD4-97B7-A306264B0440} = {6C599EBA-6D77-4E24-BD5A-4A6645798B93}
		{3D802D43-20C7-4677-971A-24E5B2C0697F} = {E81234D1-1302-4F1A-87F8-94B2DE9E75DB}
		{0B2B5E1D-92AD-465F-9167-874D7FD09074} = {E81234D1-1302-4F1A-87F8-94B2DE9E75DB}
		{7247434C-1FFE-4BB3-83A5-2FDC723C5D15} = {AEF047DE-1D5F-4AF4-A98D-7E9691F526ED}
	EndGlobalSection
	GlobalSection(ExtensibilityGlobals) = postSolution
		SolutionGuid = {06341372-DE3F-4C89-86B0-823C409158D3}
	EndGlobalSection
EndGlobal
